
Microsoft Visual Studio Solution File, Format Version 12.00
# Visual Studio 15
VisualStudioVersion = 15.0.28307.572
MinimumVisualStudioVersion = 10.0.40219.1
Project("{FAE04EC0-301F-11D3-BF4B-00C04F79EFBC}") = "PotterBasket", "PotterBasket\PotterBasket.csproj", "{F494B8CC-4EA3-4903-9F44-351D9B42C3B6}"
EndProject
Project("{FAE04EC0-301F-11D3-BF4B-00C04F79EFBC}") = "Tests", "Tests\Tests.csproj", "{316BDA80-22B2-4232-9E81-C8C7B976E594}"
EndProject
Global
	GlobalSection(SolutionConfigurationPlatforms) = preSolution
		Debug|Any CPU = Debug|Any CPU
		Release|Any CPU = Release|Any CPU
	EndGlobalSection
	GlobalSection(ProjectConfigurationPlatforms) = postSolution
		{F494B8CC-4EA3-4903-9F44-351D9B42C3B6}.Debug|Any CPU.ActiveCfg = Debug|Any CPU
		{F494B8CC-4EA3-4903-9F44-351D9B42C3B6}.Debug|Any CPU.Build.0 = Debug|Any CPU
		{F494B8CC-4EA3-4903-9F44-351D9B42C3B6}.Release|Any CPU.ActiveCfg = Release|Any CPU
		{F494B8CC-4EA3-4903-9F44-351D9B42C3B6}.Release|Any CPU.Build.0 = Release|Any CPU
		{316BDA80-22B2-4232-9E81-C8C7B976E594}.Debug|Any CPU.ActiveCfg = Debug|Any CPU
		{316BDA80-22B2-4232-9E81-C8C7B976E594}.Debug|Any CPU.Build.0 = Debug|Any CPU
		{316BDA80-22B2-4232-9E81-C8C7B976E594}.Release|Any CPU.ActiveCfg = Release|Any CPU
		{316BDA80-22B2-4232-9E81-C8C7B976E594}.Release|Any CPU.Build.0 = Release|Any CPU
	EndGlobalSection
	GlobalSection(SolutionProperties) = preSolution
		HideSolutionNode = FALSE
	EndGlobalSection
	GlobalSection(ExtensibilityGlobals) = postSolution
		SolutionGuid = {747FE768-7121-4053-880A-A997C611B3B9}
	EndGlobalSection
EndGlobal
